
Microsoft Visual Studio Solution File, Format Version 12.00
# Visual Studio Version 17
VisualStudioVersion = 17.4.33213.308
MinimumVisualStudioVersion = 10.0.40219.1
Project("{9A19103F-16F7-4668-BE54-9A1E7A4F7556}") = "YahtzeeGame", "YahtzeeGame\YahtzeeGame.csproj", "{14448321-FF4F-4817-9159-59A7B436A776}"
EndProject
Project("{FAE04EC0-301F-11D3-BF4B-00C04F79EFBC}") = "YahtzeeGameTests", "YahtzeeGameTests\YahtzeeGameTests.csproj", "{4C4D0713-B9E8-4AFA-B301-7FA3BEE82DC4}"
EndProject
Global
	GlobalSection(SolutionConfigurationPlatforms) = preSolution
		Debug|Any CPU = Debug|Any CPU
		Release|Any CPU = Release|Any CPU
	EndGlobalSection
	GlobalSection(ProjectConfigurationPlatforms) = postSolution
		{14448321-FF4F-4817-9159-59A7B436A776}.Debug|Any CPU.ActiveCfg = Debug|Any CPU
		{14448321-FF4F-4817-9159-59A7B436A776}.Debug|Any CPU.Build.0 = Debug|Any CPU
		{14448321-FF4F-4817-9159-59A7B436A776}.Release|Any CPU.ActiveCfg = Release|Any CPU
		{14448321-FF4F-4817-9159-59A7B436A776}.Release|Any CPU.Build.0 = Release|Any CPU
		{4C4D0713-B9E8-4AFA-B301-7FA3BEE82DC4}.Debug|Any CPU.ActiveCfg = Debug|Any CPU
		{4C4D0713-B9E8-4AFA-B301-7FA3BEE82DC4}.Debug|Any CPU.Build.0 = Debug|Any CPU
		{4C4D0713-B9E8-4AFA-B301-7FA3BEE82DC4}.Release|Any CPU.ActiveCfg = Release|Any CPU
		{4C4D0713-B9E8-4AFA-B301-7FA3BEE82DC4}.Release|Any CPU.Build.0 = Release|Any CPU
	EndGlobalSection
	GlobalSection(SolutionProperties) = preSolution
		HideSolutionNode = FALSE
	EndGlobalSection
	GlobalSection(ExtensibilityGlobals) = postSolution
		SolutionGuid = {471603B9-CF8A-4CC3-9A0F-561265AFB68D}
	EndGlobalSection
EndGlobal
